
Microsoft Visual Studio Solution File, Format Version 12.00
# Visual Studio Version 17
VisualStudioVersion = 17.13.35919.96
MinimumVisualStudioVersion = 10.0.40219.1
Project("{FAE04EC0-301F-11D3-BF4B-00C04F79EFBC}") = "AppStatusMon", "AppStatusMon\AppStatusMon.csproj", "{B6D95E70-5FD8-43FD-AA00-061A15E3701D}"
EndProject
Project("{FAE04EC0-301F-11D3-BF4B-00C04F79EFBC}") = "CheckUserSession", "CheckUserSession\CheckUserSession.csproj", "{1D5D72ED-8C1B-4D9B-B05E-D526D36DBD26}"
EndProject
Project("{FAE04EC0-301F-11D3-BF4B-00C04F79EFBC}") = "CheckUserSessionClient", "CheckUserSessionClient\CheckUserSessionClient.csproj", "{FE0D2C70-3B57-4A66-B0D9-80293C2EE61B}"
EndProject
Project("{FAE04EC0-301F-11D3-BF4B-00C04F79EFBC}") = "WinUI3", "WinUI3\WinUI3.csproj", "{318DD1F4-10C4-47B3-856D-FA5A0036CFAF}"
EndProject
Project("{FAE04EC0-301F-11D3-BF4B-00C04F79EFBC}") = "SqliteManager", "SqliteManager\SqliteManager.csproj", "{048FF273-CFE9-4927-AED0-D9B546D37F5E}"
EndProject
Project("{FAE04EC0-301F-11D3-BF4B-00C04F79EFBC}") = "UIA", "UIA\UIA.csproj", "{F4523847-2523-477A-ADEB-51E77466D2FD}"
EndProject
Project("{FAE04EC0-301F-11D3-BF4B-00C04F79EFBC}") = "TestStatusGetter", "ConsoleApp1\TestStatusGetter.csproj", "{58D676A3-9459-4260-996C-A290747145F5}"
EndProject
Project("{FAE04EC0-301F-11D3-BF4B-00C04F79EFBC}") = "StatusGetter", "StatusGetter\StatusGetter.csproj", "{4BCA70E0-D3E5-4E6E-B334-8BBB35F5BC58}"
EndProject
Project("{FAE04EC0-301F-11D3-BF4B-00C04F79EFBC}") = "TriggerGetter", "TriggerGetter\TriggerGetter.csproj", "{5155C3F4-AFD9-4FEA-AFBD-3B9BFBE01C8A}"
EndProject
Project("{FAE04EC0-301F-11D3-BF4B-00C04F79EFBC}") = "XmlParser", "XmlParser\XmlParser.csproj", "{E2CC28BB-FD0E-4B82-9EAA-2D7D83C889CD}"
EndProject
Project("{FAE04EC0-301F-11D3-BF4B-00C04F79EFBC}") = "PeriodHint", "PeriodHint\PeriodHint.csproj", "{2D25A1B4-5B20-4E60-889F-6C8369565B2E}"
EndProject
Project("{FAE04EC0-301F-11D3-BF4B-00C04F79EFBC}") = "EventBasedNotification", "EventBasedNotification\EventBasedNotification.csproj", "{0169089B-59AC-4F91-8CC3-CB9009841A8F}"
EndProject
Global
	GlobalSection(SolutionConfigurationPlatforms) = preSolution
		Debug|Any CPU = Debug|Any CPU
		Debug|x64 = Debug|x64
		Release|Any CPU = Release|Any CPU
		Release|x64 = Release|x64
	EndGlobalSection
	GlobalSection(ProjectConfigurationPlatforms) = postSolution
		{B6D95E70-5FD8-43FD-AA00-061A15E3701D}.Debug|Any CPU.ActiveCfg = Debug|x64
		{B6D95E70-5FD8-43FD-AA00-061A15E3701D}.Debug|Any CPU.Build.0 = Debug|x64
		{B6D95E70-5FD8-43FD-AA00-061A15E3701D}.Debug|x64.ActiveCfg = Debug|x64
		{B6D95E70-5FD8-43FD-AA00-061A15E3701D}.Debug|x64.Build.0 = Debug|x64
		{B6D95E70-5FD8-43FD-AA00-061A15E3701D}.Release|Any CPU.ActiveCfg = Release|Any CPU
		{B6D95E70-5FD8-43FD-AA00-061A15E3701D}.Release|Any CPU.Build.0 = Release|Any CPU
		{B6D95E70-5FD8-43FD-AA00-061A15E3701D}.Release|x64.ActiveCfg = Release|x64
		{B6D95E70-5FD8-43FD-AA00-061A15E3701D}.Release|x64.Build.0 = Release|x64
		{1D5D72ED-8C1B-4D9B-B05E-D526D36DBD26}.Debug|Any CPU.ActiveCfg = Debug|Any CPU
		{1D5D72ED-8C1B-4D9B-B05E-D526D36DBD26}.Debug|Any CPU.Build.0 = Debug|Any CPU
		{1D5D72ED-8C1B-4D9B-B05E-D526D36DBD26}.Debug|x64.ActiveCfg = Debug|x64
		{1D5D72ED-8C1B-4D9B-B05E-D526D36DBD26}.Debug|x64.Build.0 = Debug|x64
		{1D5D72ED-8C1B-4D9B-B05E-D526D36DBD26}.Release|Any CPU.ActiveCfg = Release|Any CPU
		{1D5D72ED-8C1B-4D9B-B05E-D526D36DBD26}.Release|Any CPU.Build.0 = Release|Any CPU
		{1D5D72ED-8C1B-4D9B-B05E-D526D36DBD26}.Release|x64.ActiveCfg = Release|Any CPU
		{1D5D72ED-8C1B-4D9B-B05E-D526D36DBD26}.Release|x64.Build.0 = Release|Any CPU
		{FE0D2C70-3B57-4A66-B0D9-80293C2EE61B}.Debug|Any CPU.ActiveCfg = Debug|Any CPU
		{FE0D2C70-3B57-4A66-B0D9-80293C2EE61B}.Debug|Any CPU.Build.0 = Debug|Any CPU
		{FE0D2C70-3B57-4A66-B0D9-80293C2EE61B}.Debug|x64.ActiveCfg = Debug|x64
		{FE0D2C70-3B57-4A66-B0D9-80293C2EE61B}.Debug|x64.Build.0 = Debug|x64
		{FE0D2C70-3B57-4A66-B0D9-80293C2EE61B}.Release|Any CPU.ActiveCfg = Release|Any CPU
		{FE0D2C70-3B57-4A66-B0D9-80293C2EE61B}.Release|Any CPU.Build.0 = Release|Any CPU
		{FE0D2C70-3B57-4A66-B0D9-80293C2EE61B}.Release|x64.ActiveCfg = Release|Any CPU
		{FE0D2C70-3B57-4A66-B0D9-80293C2EE61B}.Release|x64.Build.0 = Release|Any CPU
		{318DD1F4-10C4-47B3-856D-FA5A0036CFAF}.Debug|Any CPU.ActiveCfg = Debug|x64
		{318DD1F4-10C4-47B3-856D-FA5A0036CFAF}.Debug|Any CPU.Build.0 = Debug|x64
		{318DD1F4-10C4-47B3-856D-FA5A0036CFAF}.Debug|Any CPU.Deploy.0 = Debug|x64
		{318DD1F4-10C4-47B3-856D-FA5A0036CFAF}.Debug|x64.ActiveCfg = Debug|x64
		{318DD1F4-10C4-47B3-856D-FA5A0036CFAF}.Debug|x64.Build.0 = Debug|x64
		{318DD1F4-10C4-47B3-856D-FA5A0036CFAF}.Debug|x64.Deploy.0 = Debug|x64
		{318DD1F4-10C4-47B3-856D-FA5A0036CFAF}.Release|Any CPU.ActiveCfg = Release|x64
		{318DD1F4-10C4-47B3-856D-FA5A0036CFAF}.Release|Any CPU.Build.0 = Release|x64
		{318DD1F4-10C4-47B3-856D-FA5A0036CFAF}.Release|Any CPU.Deploy.0 = Release|x64
		{318DD1F4-10C4-47B3-856D-FA5A0036CFAF}.Release|x64.ActiveCfg = Release|x64
		{318DD1F4-10C4-47B3-856D-FA5A0036CFAF}.Release|x64.Build.0 = Release|x64
		{318DD1F4-10C4-47B3-856D-FA5A0036CFAF}.Release|x64.Deploy.0 = Release|x64
		{048FF273-CFE9-4927-AED0-D9B546D37F5E}.Debug|Any CPU.ActiveCfg = Debug|Any CPU
		{048FF273-CFE9-4927-AED0-D9B546D37F5E}.Debug|Any CPU.Build.0 = Debug|Any CPU
		{048FF273-CFE9-4927-AED0-D9B546D37F5E}.Debug|x64.ActiveCfg = Debug|Any CPU
		{048FF273-CFE9-4927-AED0-D9B546D37F5E}.Debug|x64.Build.0 = Debug|Any CPU
		{048FF273-CFE9-4927-AED0-D9B546D37F5E}.Release|Any CPU.ActiveCfg = Release|Any CPU
		{048FF273-CFE9-4927-AED0-D9B546D37F5E}.Release|Any CPU.Build.0 = Release|Any CPU
		{048FF273-CFE9-4927-AED0-D9B546D37F5E}.Release|x64.ActiveCfg = Release|Any CPU
		{048FF273-CFE9-4927-AED0-D9B546D37F5E}.Release|x64.Build.0 = Release|Any CPU
		{F4523847-2523-477A-ADEB-51E77466D2FD}.Debug|Any CPU.ActiveCfg = Debug|Any CPU
		{F4523847-2523-477A-ADEB-51E77466D2FD}.Debug|Any CPU.Build.0 = Debug|Any CPU
		{F4523847-2523-477A-ADEB-51E77466D2FD}.Debug|x64.ActiveCfg = Debug|Any CPU
		{F4523847-2523-477A-ADEB-51E77466D2FD}.Debug|x64.Build.0 = Debug|Any CPU
		{F4523847-2523-477A-ADEB-51E77466D2FD}.Release|Any CPU.ActiveCfg = Release|Any CPU
		{F4523847-2523-477A-ADEB-51E77466D2FD}.Release|Any CPU.Build.0 = Release|Any CPU
		{F4523847-2523-477A-ADEB-51E77466D2FD}.Release|x64.ActiveCfg = Release|Any CPU
		{F4523847-2523-477A-ADEB-51E77466D2FD}.Release|x64.Build.0 = Release|Any CPU
		{58D676A3-9459-4260-996C-A290747145F5}.Debug|Any CPU.ActiveCfg = Debug|Any CPU
		{58D676A3-9459-4260-996C-A290747145F5}.Debug|Any CPU.Build.0 = Debug|Any CPU
		{58D676A3-9459-4260-996C-A290747145F5}.Debug|x64.ActiveCfg = Debug|x64
		{58D676A3-9459-4260-996C-A290747145F5}.Debug|x64.Build.0 = Debug|x64
		{58D676A3-9459-4260-996C-A290747145F5}.Release|Any CPU.ActiveCfg = Release|Any CPU
		{58D676A3-9459-4260-996C-A290747145F5}.Release|Any CPU.Build.0 = Release|Any CPU
		{58D676A3-9459-4260-996C-A290747145F5}.Release|x64.ActiveCfg = Release|Any CPU
		{58D676A3-9459-4260-996C-A290747145F5}.Release|x64.Build.0 = Release|Any CPU
		{4BCA70E0-D3E5-4E6E-B334-8BBB35F5BC58}.Debug|Any CPU.ActiveCfg = Debug|Any CPU
		{4BCA70E0-D3E5-4E6E-B334-8BBB35F5BC58}.Debug|Any CPU.Build.0 = Debug|Any CPU
		{4BCA70E0-D3E5-4E6E-B334-8BBB35F5BC58}.Debug|x64.ActiveCfg = Debug|x64
		{4BCA70E0-D3E5-4E6E-B334-8BBB35F5BC58}.Debug|x64.Build.0 = Debug|x64
		{4BCA70E0-D3E5-4E6E-B334-8BBB35F5BC58}.Release|Any CPU.ActiveCfg = Release|Any CPU
		{4BCA70E0-D3E5-4E6E-B334-8BBB35F5BC58}.Release|Any CPU.Build.0 = Release|Any CPU
		{4BCA70E0-D3E5-4E6E-B334-8BBB35F5BC58}.Release|x64.ActiveCfg = Release|Any CPU
		{4BCA70E0-D3E5-4E6E-B334-8BBB35F5BC58}.Release|x64.Build.0 = Release|Any CPU
		{5155C3F4-AFD9-4FEA-AFBD-3B9BFBE01C8A}.Debug|Any CPU.ActiveCfg = Debug|Any CPU
		{5155C3F4-AFD9-4FEA-AFBD-3B9BFBE01C8A}.Debug|Any CPU.Build.0 = Debug|Any CPU
		{5155C3F4-AFD9-4FEA-AFBD-3B9BFBE01C8A}.Debug|x64.ActiveCfg = Debug|x64
		{5155C3F4-AFD9-4FEA-AFBD-3B9BFBE01C8A}.Debug|x64.Build.0 = Debug|x64
		{5155C3F4-AFD9-4FEA-AFBD-3B9BFBE01C8A}.Release|Any CPU.ActiveCfg = Release|Any CPU
		{5155C3F4-AFD9-4FEA-AFBD-3B9BFBE01C8A}.Release|Any CPU.Build.0 = Release|Any CPU
		{5155C3F4-AFD9-4FEA-AFBD-3B9BFBE01C8A}.Release|x64.ActiveCfg = Release|Any CPU
		{5155C3F4-AFD9-4FEA-AFBD-3B9BFBE01C8A}.Release|x64.Build.0 = Release|Any CPU
		{E2CC28BB-FD0E-4B82-9EAA-2D7D83C889CD}.Debug|Any CPU.ActiveCfg = Debug|Any CPU
		{E2CC28BB-FD0E-4B82-9EAA-2D7D83C889CD}.Debug|Any CPU.Build.0 = Debug|Any CPU
		{E2CC28BB-FD0E-4B82-9EAA-2D7D83C889CD}.Debug|x64.ActiveCfg = Debug|Any CPU
		{E2CC28BB-FD0E-4B82-9EAA-2D7D83C889CD}.Debug|x64.Build.0 = Debug|Any CPU
		{E2CC28BB-FD0E-4B82-9EAA-2D7D83C889CD}.Release|Any CPU.ActiveCfg = Release|Any CPU
		{E2CC28BB-FD0E-4B82-9EAA-2D7D83C889CD}.Release|Any CPU.Build.0 = Release|Any CPU
		{E2CC28BB-FD0E-4B82-9EAA-2D7D83C889CD}.Release|x64.ActiveCfg = Release|Any CPU
		{E2CC28BB-FD0E-4B82-9EAA-2D7D83C889CD}.Release|x64.Build.0 = Release|Any CPU
		{2D25A1B4-5B20-4E60-889F-6C8369565B2E}.Debug|Any CPU.ActiveCfg = Debug|Any CPU
		{2D25A1B4-5B20-4E60-889F-6C8369565B2E}.Debug|Any CPU.Build.0 = Debug|Any CPU
		{2D25A1B4-5B20-4E60-889F-6C8369565B2E}.Debug|x64.ActiveCfg = Debug|Any CPU
		{2D25A1B4-5B20-4E60-889F-6C8369565B2E}.Debug|x64.Build.0 = Debug|Any CPU
		{2D25A1B4-5B20-4E60-889F-6C8369565B2E}.Release|Any CPU.ActiveCfg = Release|Any CPU
		{2D25A1B4-5B20-4E60-889F-6C8369565B2E}.Release|Any CPU.Build.0 = Release|Any CPU
		{2D25A1B4-5B20-4E60-889F-6C8369565B2E}.Release|x64.ActiveCfg = Release|Any CPU
		{2D25A1B4-5B20-4E60-889F-6C8369565B2E}.Release|x64.Build.0 = Release|Any CPU
		{0169089B-59AC-4F91-8CC3-CB9009841A8F}.Debug|Any CPU.ActiveCfg = Debug|Any CPU
		{0169089B-59AC-4F91-8CC3-CB9009841A8F}.Debug|Any CPU.Build.0 = Debug|Any CPU
		{0169089B-59AC-4F91-8CC3-CB9009841A8F}.Debug|x64.ActiveCfg = Debug|Any CPU
		{0169089B-59AC-4F91-8CC3-CB9009841A8F}.Debug|x64.Build.0 = Debug|Any CPU
		{0169089B-59AC-4F91-8CC3-CB9009841A8F}.Release|Any CPU.ActiveCfg = Release|Any CPU
		{0169089B-59AC-4F91-8CC3-CB9009841A8F}.Release|Any CPU.Build.0 = Release|Any CPU
		{0169089B-59AC-4F91-8CC3-CB9009841A8F}.Release|x64.ActiveCfg = Release|Any CPU
		{0169089B-59AC-4F91-8CC3-CB9009841A8F}.Release|x64.Build.0 = Release|Any CPU
	EndGlobalSection
	GlobalSection(SolutionProperties) = preSolution
		HideSolutionNode = FALSE
	EndGlobalSection
	GlobalSection(ExtensibilityGlobals) = postSolution
		SolutionGuid = {55C3EA6B-69EA-4D8B-A5C6-5D0BE32F0DB0}
	EndGlobalSection
EndGlobal
